
Microsoft Visual Studio Solution File, Format Version 12.00
# Visual Studio Version 17
VisualStudioVersion = 17.3.32825.248
MinimumVisualStudioVersion = 10.0.40219.1
Project("{8BC9CEB8-8B4A-11D0-8D11-00A0C91BC942}") = "Class", "Class.vcxproj", "{348ABF50-13C8-4B32-9C6E-54CAD3A46E42}"
EndProject
Global
	GlobalSection(SolutionConfigurationPlatforms) = preSolution
		Debug|x64 = Debug|x64
		Debug|x86 = Debug|x86
		Release|x64 = Release|x64
		Release|x86 = Release|x86
	EndGlobalSection
	GlobalSection(ProjectConfigurationPlatforms) = postSolution
		{348ABF50-13C8-4B32-9C6E-54CAD3A46E42}.Debug|x64.ActiveCfg = Debug|x64
		{348ABF50-13C8-4B32-9C6E-54CAD3A46E42}.Debug|x64.Build.0 = Debug|x64
		{348ABF50-13C8-4B32-9C6E-54CAD3A46E42}.Debug|x86.ActiveCfg = Debug|Win32
		{348ABF50-13C8-4B32-9C6E-54CAD3A46E42}.Debug|x86.Build.0 = Debug|Win32
		{348ABF50-13C8-4B32-9C6E-54CAD3A46E42}.Release|x64.ActiveCfg = Release|x64
		{348ABF50-13C8-4B32-9C6E-54CAD3A46E42}.Release|x64.Build.0 = Release|x64
		{348ABF50-13C8-4B32-9C6E-54CAD3A46E42}.Release|x86.ActiveCfg = Release|Win32
		{348ABF50-13C8-4B32-9C6E-54CAD3A46E42}.Release|x86.Build.0 = Release|Win32
	EndGlobalSection
	GlobalSection(SolutionProperties) = preSolution
		HideSolutionNode = FALSE
	EndGlobalSection
	GlobalSection(ExtensibilityGlobals) = postSolution
		SolutionGuid = {7417DCCE-3DE5-4E1E-9920-F9FEC7190E3E}
	EndGlobalSection
EndGlobal
