
Microsoft Visual Studio Solution File, Format Version 12.00
# Visual Studio Version 17
VisualStudioVersion = 17.3.32825.248
MinimumVisualStudioVersion = 10.0.40219.1
Project("{8BC9CEB8-8B4A-11D0-8D11-00A0C91BC942}") = "16092022", "16092022.vcxproj", "{CCCB7371-89A6-455F-AD2A-C36636203844}"
EndProject
Global
	GlobalSection(SolutionConfigurationPlatforms) = preSolution
		Debug|x64 = Debug|x64
		Debug|x86 = Debug|x86
		Release|x64 = Release|x64
		Release|x86 = Release|x86
	EndGlobalSection
	GlobalSection(ProjectConfigurationPlatforms) = postSolution
		{CCCB7371-89A6-455F-AD2A-C36636203844}.Debug|x64.ActiveCfg = Debug|x64
		{CCCB7371-89A6-455F-AD2A-C36636203844}.Debug|x64.Build.0 = Debug|x64
		{CCCB7371-89A6-455F-AD2A-C36636203844}.Debug|x86.ActiveCfg = Debug|Win32
		{CCCB7371-89A6-455F-AD2A-C36636203844}.Debug|x86.Build.0 = Debug|Win32
		{CCCB7371-89A6-455F-AD2A-C36636203844}.Release|x64.ActiveCfg = Release|x64
		{CCCB7371-89A6-455F-AD2A-C36636203844}.Release|x64.Build.0 = Release|x64
		{CCCB7371-89A6-455F-AD2A-C36636203844}.Release|x86.ActiveCfg = Release|Win32
		{CCCB7371-89A6-455F-AD2A-C36636203844}.Release|x86.Build.0 = Release|Win32
	EndGlobalSection
	GlobalSection(SolutionProperties) = preSolution
		HideSolutionNode = FALSE
	EndGlobalSection
	GlobalSection(ExtensibilityGlobals) = postSolution
		SolutionGuid = {EF260ADB-C8E1-4861-992A-5265D68A9617}
	EndGlobalSection
EndGlobal
